// !$*UTF8*$!
{
	archiveVersion = 1;
	classes = {
	};
	objectVersion = 77;
	objects = {

/* Begin PBXBuildFile section */
		F2E1D0C9B8A7F6E5D4C3B2A1 /* AppIcon.icon in Resources */ = {isa = PBXBuildFile; fileRef = A1B2C3D4E5F6A7B8C9D0E1F2 /* AppIcon.icon */; };
		0084B120DD615FA387FFD173 /* collage25.jpg in Resources */ = {isa = PBXBuildFile; fileRef = 72BFD16A9929E03855E5E380 /* collage25.jpg */; };
		0288642E71720F4AE48BDDB5 /* OpenAPIRuntime in Frameworks */ = {isa = PBXBuildFile; productRef = 54957EE9C072C5F2FCC08BD2 /* OpenAPIRuntime */; };
		085CA0BF32A695F766CBB46B /* GitInfo.swift in Sources */ = {isa = PBXBuildFile; fileRef = 557A070AA631D1A44FE4F407 /* GitInfo.swift */; };
		08DD179D53004B5D6B3771C5 /* PreviewData.swift in Sources */ = {isa = PBXBuildFile; fileRef = D57FC6933BCB9DA6D01C6F9E /* PreviewData.swift */; };
		0C26BD71C3D1128D41123339 /* AppModels.swift in Sources */ = {isa = PBXBuildFile; fileRef = 9986F927C0C622E7A4DE4C2E /* AppModels.swift */; };
		0FED48A726585A89C3989A51 /* WingDexApp.swift in Sources */ = {isa = PBXBuildFile; fileRef = 73B4D479201C022372C3F4BF /* WingDexApp.swift */; };
		1587B24CB8AEF6D2C3D0DCEB /* EBirdImportView.swift in Sources */ = {isa = PBXBuildFile; fileRef = A167BA0320720274AA15EF34 /* EBirdImportView.swift */; };
		1735984485D0D573F5B44CC5 /* collage13.jpg in Resources */ = {isa = PBXBuildFile; fileRef = AE7506A9CCCD1EF7E59111BE /* collage13.jpg */; };
		1ABC63F63D0C5C701EA041F3 /* collage17.jpg in Resources */ = {isa = PBXBuildFile; fileRef = 92009ED89B0B508740436CC5 /* collage17.jpg */; };
		1B3D5823766242A3608DE553 /* collage2.jpg in Resources */ = {isa = PBXBuildFile; fileRef = B8A7A81D10BED074ED746634 /* collage2.jpg */; };
		223DAEB5BCD5CAC52065CF13 /* taxonomy.json in Resources */ = {isa = PBXBuildFile; fileRef = F930B7A16F2B5C40B971D674 /* taxonomy.json */; };
		2300C447E8E145BFE9E12FA5 /* Config.swift in Sources */ = {isa = PBXBuildFile; fileRef = 34B8621A8E42D9A18A2125F8 /* Config.swift */; };
		2314AD2B5AD2CAE6D1426754 /* SharedComponents.swift in Sources */ = {isa = PBXBuildFile; fileRef = 0A98BE3CB346AC4FFC28246D /* SharedComponents.swift */; };
		27F3FC5181B71ADB687A56CC /* CropView.swift in Sources */ = {isa = PBXBuildFile; fileRef = 9E26C4686392C96AAB515199 /* CropView.swift */; };
		28C700594AF36399A460FAAB /* CollageImageCache.swift in Sources */ = {isa = PBXBuildFile; fileRef = 6A1D850B642C51F0AEA560F3 /* CollageImageCache.swift */; };
		2CDDDF5ED153526ADF124174 /* collage21.jpg in Resources */ = {isa = PBXBuildFile; fileRef = 7A292B9762D444579B157E2C /* collage21.jpg */; };
		3765CB91633BD6B909098629 /* AddPhotosViewModel.swift in Sources */ = {isa = PBXBuildFile; fileRef = 61DFE3278988BC58601C97F3 /* AddPhotosViewModel.swift */; };
		3AD082AB856689D48C4E9C72 /* DataManagementView.swift in Sources */ = {isa = PBXBuildFile; fileRef = 8BA379E90DE3BD99B508BCD7 /* DataManagementView.swift */; };
		3E0B15C139B971B778758337 /* DataStore.swift in Sources */ = {isa = PBXBuildFile; fileRef = 8DF3BE4EAF4D781A2029593E /* DataStore.swift */; };
		42568A4F6F92C917A7520B17 /* collage16.jpg in Resources */ = {isa = PBXBuildFile; fileRef = 181CAF182184C0BF767EC8E4 /* collage16.jpg */; };
		43921D83ECB05301E343D2ED /* collage11.jpg in Resources */ = {isa = PBXBuildFile; fileRef = 99DD81C22AA9F61ABDD60B50 /* collage11.jpg */; };
		48572F12742996B68226EECF /* FunNames.swift in Sources */ = {isa = PBXBuildFile; fileRef = 19D47136847CF32C6251A4BD /* FunNames.swift */; };
		4BF3798F0ADD7B34948B1C65 /* AuthService.swift in Sources */ = {isa = PBXBuildFile; fileRef = 494CD419AD323D541E04D2AB /* AuthService.swift */; };
		4D2754D2E24874B1AB391719 /* collage19.jpg in Resources */ = {isa = PBXBuildFile; fileRef = 1758F97178B6D85D64F1363D /* collage19.jpg */; };
		4F4AEE471B77C7087B5DB09F /* SettingsView.swift in Sources */ = {isa = PBXBuildFile; fileRef = 01F34071627BDA774005F033 /* SettingsView.swift */; };
		58B69A80EFAF3294811D2CE3 /* AuthIntegrationTests.swift in Sources */ = {isa = PBXBuildFile; fileRef = 40E4A1B21654CC24CA891696 /* AuthIntegrationTests.swift */; };
		59F01BFA523390B1E022749B /* collage8.jpg in Resources */ = {isa = PBXBuildFile; fileRef = 8820687DF86D539EF3275711 /* collage8.jpg */; };
		61E5088EFD9DB2B036AA1F61 /* OutingReviewView.swift in Sources */ = {isa = PBXBuildFile; fileRef = A830FC9081930F984391A2BC /* OutingReviewView.swift */; };
		6541BF20FA6B0465C6AA8204 /* HomeView.swift in Sources */ = {isa = PBXBuildFile; fileRef = 584DE950D0BBC4D9543B7EB4 /* HomeView.swift */; };
		6A3E3A8BE6F89235D4E0ED32 /* collage1.jpg in Resources */ = {isa = PBXBuildFile; fileRef = BC6ADC80E561240BA8BF7D7E /* collage1.jpg */; };
		71AE086D49EDD88D2294F2E1 /* demo-ebird-import.csv in Resources */ = {isa = PBXBuildFile; fileRef = 071E15B7BF7B6D9EA12130BA /* demo-ebird-import.csv */; };
		76D79E728919533E7EC625BA /* wingdex.bird.fill.svg in Resources */ = {isa = PBXBuildFile; fileRef = B594465F1456F0C7DB88CEDC /* wingdex.bird.fill.svg */; };
		78A345C5C3608103CBE304D2 /* AuthenticatedRequest.swift in Sources */ = {isa = PBXBuildFile; fileRef = B55E48905A381B4AAD9D6D13 /* AuthenticatedRequest.swift */; };
		7D8B718A1CCBEBD903238420 /* PhotoService.swift in Sources */ = {isa = PBXBuildFile; fileRef = 5873328D24830AA514049E5C /* PhotoService.swift */; };
		7E3212765B74C8A522921370 /* collage6.jpg in Resources */ = {isa = PBXBuildFile; fileRef = D695C5A3092D731C50F4DDB0 /* collage6.jpg */; };
		7FF4AB0E40E668062F651F9E /* collage18.jpg in Resources */ = {isa = PBXBuildFile; fileRef = D695216CCB35E38C87F3A7E3 /* collage18.jpg */; };
		83E52AD5FC060393640D683A /* collage14.jpg in Resources */ = {isa = PBXBuildFile; fileRef = 36494465879ECB03DD6185CA /* collage14.jpg */; };
		85DC45536CC8552F75FE3F5E /* collage12.jpg in Resources */ = {isa = PBXBuildFile; fileRef = 75459FB601E98570280E8BFB /* collage12.jpg */; };
		8789AC9CBFD81D2B38495B2A /* OpenAPIURLSession in Frameworks */ = {isa = PBXBuildFile; productRef = B8A97988C95C91C186AFD127 /* OpenAPIURLSession */; };
		8DB0081701C7F23291D5D5CC /* collage3.jpg in Resources */ = {isa = PBXBuildFile; fileRef = 424A71F14D412EECDDFC67EE /* collage3.jpg */; };
		8EE17A4E87495C877151768B /* AuthServiceTests.swift in Sources */ = {isa = PBXBuildFile; fileRef = DE1613DCCF3480F9644D0D29 /* AuthServiceTests.swift */; };
		9D86C5364CD6EE6224D8BE43 /* DateFormatting.swift in Sources */ = {isa = PBXBuildFile; fileRef = AFB4D1BB4367DDC5F16A9D39 /* DateFormatting.swift */; };
		9E3F0C28882FAFAA45934BCF /* SignInView.swift in Sources */ = {isa = PBXBuildFile; fileRef = 01FABF05EDCB9B13D4839648 /* SignInView.swift */; };
		A50BC3771AA5086CA25A13B7 /* WingDexView.swift in Sources */ = {isa = PBXBuildFile; fileRef = 6B5043AC2718CF99118DD12C /* WingDexView.swift */; };
		A7FD52F0548A2FA50CB2C848 /* PasskeyManagementView.swift in Sources */ = {isa = PBXBuildFile; fileRef = 2C367F98A44D6C24B18F1301 /* PasskeyManagementView.swift */; };
		A989546664F59DD8E785BBDE /* wingdex.bird.svg in Resources */ = {isa = PBXBuildFile; fileRef = EED95BB5C7C9CBADD0CB3D05 /* wingdex.bird.svg */; };
		A9D6BD3B4EA0675C258AAC95 /* collage20.jpg in Resources */ = {isa = PBXBuildFile; fileRef = FFAFE8721F91D965AC05FBBD /* collage20.jpg */; };
		A9F53E5EAD8952F1C8720B77 /* KeychainAccess in Frameworks */ = {isa = PBXBuildFile; productRef = ADE7F85F2A587DBB70E7CF19 /* KeychainAccess */; };
		ABA7A9183EF63B93C1241B34 /* AddPhotosFlow.swift in Sources */ = {isa = PBXBuildFile; fileRef = 190E573E0224A499A6CEB58C /* AddPhotosFlow.swift */; };
		B9AFD4677C1CDFE260982FB6 /* collage26.jpg in Resources */ = {isa = PBXBuildFile; fileRef = ED9B5F2AE7098763A2118370 /* collage26.jpg */; };
		BD96926C1134F529AA29C7B2 /* PerPhotoConfirmView.swift in Sources */ = {isa = PBXBuildFile; fileRef = 38902C42A407AB194B63C757 /* PerPhotoConfirmView.swift */; };
		BE1BC5ECDCCA3BB2EAA10E79 /* SpeciesDetailView.swift in Sources */ = {isa = PBXBuildFile; fileRef = D0102B85A0116EB696C3EBD1 /* SpeciesDetailView.swift */; };
		BFEEDFE99B8E9AE03FC3304F /* Theme.swift in Sources */ = {isa = PBXBuildFile; fileRef = 1A4472F76A8259376EBEA738 /* Theme.swift */; };
		C4F77EC5DA4A743530651286 /* OutingsView.swift in Sources */ = {isa = PBXBuildFile; fileRef = BB01BEA15BC45041F637C903 /* OutingsView.swift */; };
		CAF5CA6AE5E559BB812F83AC /* Assets.xcassets in Resources */ = {isa = PBXBuildFile; fileRef = 5D23677801319F3BA63350DF /* Assets.xcassets */; };
		CCB60C37FEB5B3C7781CF308 /* AppIconView.swift in Sources */ = {isa = PBXBuildFile; fileRef = 8E0885077F6EE158317DCAC6 /* AppIconView.swift */; };
		D06B790CE07161BC845DF0C0 /* collage22.jpg in Resources */ = {isa = PBXBuildFile; fileRef = E86C671B60643DC2C811F15A /* collage22.jpg */; };
		D13F7D493B35025989C835C0 /* collage7.jpg in Resources */ = {isa = PBXBuildFile; fileRef = C927A85FC167B684891346FD /* collage7.jpg */; };
		D23336CF295224BCB488B19B /* PhotoSelectionView.swift in Sources */ = {isa = PBXBuildFile; fileRef = C3E027D5423D69EFC1429801 /* PhotoSelectionView.swift */; };
		D8DFA0C3C59C5D88AFA8A885 /* collage9.jpg in Resources */ = {isa = PBXBuildFile; fileRef = 5C89383FC185DF939A030C0D /* collage9.jpg */; };
		DA3EE1B5E1FD9FC6650D8641 /* collage10.jpg in Resources */ = {isa = PBXBuildFile; fileRef = 00D4769B0C77E3D08DF39FA3 /* collage10.jpg */; };
		E2DEFBDD3B36FEB4C7CFCC96 /* FunNamesTests.swift in Sources */ = {isa = PBXBuildFile; fileRef = 452C55049EB9AB7E09E62CA9 /* FunNamesTests.swift */; };
		E7F1CD08B4419AEE2DD83173 /* collage5.jpg in Resources */ = {isa = PBXBuildFile; fileRef = 2B15C5A1EAE7387A54648C09 /* collage5.jpg */; };
		EC32F8D0F8667FB35B858955 /* collage15.jpg in Resources */ = {isa = PBXBuildFile; fileRef = D6BE01C34369162F9C9D17E7 /* collage15.jpg */; };
		EE234F9D0E5A8EC5DDC52616 /* DataService.swift in Sources */ = {isa = PBXBuildFile; fileRef = CFBE1598DFE8F27ED8313060 /* DataService.swift */; };
		F328447561BB5DDA17308FD4 /* Data+Base64URL.swift in Sources */ = {isa = PBXBuildFile; fileRef = 839C24B2C567AC5C75E3844C /* Data+Base64URL.swift */; };
		F6615E3D24C9B015D69520FA /* PasskeyService.swift in Sources */ = {isa = PBXBuildFile; fileRef = C55734005BE9F01B6719A826 /* PasskeyService.swift */; };
		F8B6EC497AAFE5B360FEB1C4 /* Preview Assets.xcassets in Resources */ = {isa = PBXBuildFile; fileRef = E01D6CCC5A4C9255372AFD03 /* Preview Assets.xcassets */; };
		F9D9676BF78FC086E34593E6 /* collage24.jpg in Resources */ = {isa = PBXBuildFile; fileRef = 487950E4852A38D4FFA3B405 /* collage24.jpg */; };
		FBEFC9BF3A67B58D4A6F4330 /* collage23.jpg in Resources */ = {isa = PBXBuildFile; fileRef = A622289860EDC9BA77952568 /* collage23.jpg */; };
		FD2A7A67F8326BF5BAAF67BE /* OutingDetailView.swift in Sources */ = {isa = PBXBuildFile; fileRef = E6F5DCDBE61DDC1D237FD032 /* OutingDetailView.swift */; };
		FE52C5B543CE063EF47FEFF5 /* CropService.swift in Sources */ = {isa = PBXBuildFile; fileRef = 5CACACCB759F9881B6989222 /* CropService.swift */; };
		FEE8C9891A706F0643EDB693 /* collage4.jpg in Resources */ = {isa = PBXBuildFile; fileRef = E3267AD348C875809EB03958 /* collage4.jpg */; };
/* End PBXBuildFile section */

/* Begin PBXContainerItemProxy section */
		0D6A3A3A6F9704FB3F10789F /* PBXContainerItemProxy */ = {
			isa = PBXContainerItemProxy;
			containerPortal = A49675ED5ABFAF851A15DB1C /* Project object */;
			proxyType = 1;
			remoteGlobalIDString = 069C1F4999CA086190E79089;
			remoteInfo = WingDex;
		};
/* End PBXContainerItemProxy section */

/* Begin PBXFileReference section */
		A1B2C3D4E5F6A7B8C9D0E1F2 /* AppIcon.icon */ = {isa = PBXFileReference; lastKnownFileType = folder.icon; path = AppIcon.icon; sourceTree = "<group>"; };
		00D4769B0C77E3D08DF39FA3 /* collage10.jpg */ = {isa = PBXFileReference; lastKnownFileType = image.jpeg; path = collage10.jpg; sourceTree = "<group>"; };
		01F34071627BDA774005F033 /* SettingsView.swift */ = {isa = PBXFileReference; lastKnownFileType = sourcecode.swift; path = SettingsView.swift; sourceTree = "<group>"; };
		01FABF05EDCB9B13D4839648 /* SignInView.swift */ = {isa = PBXFileReference; lastKnownFileType = sourcecode.swift; path = SignInView.swift; sourceTree = "<group>"; };
		071E15B7BF7B6D9EA12130BA /* demo-ebird-import.csv */ = {isa = PBXFileReference; path = "demo-ebird-import.csv"; sourceTree = "<group>"; };
		0A98BE3CB346AC4FFC28246D /* SharedComponents.swift */ = {isa = PBXFileReference; lastKnownFileType = sourcecode.swift; path = SharedComponents.swift; sourceTree = "<group>"; };
		1758F97178B6D85D64F1363D /* collage19.jpg */ = {isa = PBXFileReference; lastKnownFileType = image.jpeg; path = collage19.jpg; sourceTree = "<group>"; };
		181CAF182184C0BF767EC8E4 /* collage16.jpg */ = {isa = PBXFileReference; lastKnownFileType = image.jpeg; path = collage16.jpg; sourceTree = "<group>"; };
		190E573E0224A499A6CEB58C /* AddPhotosFlow.swift */ = {isa = PBXFileReference; lastKnownFileType = sourcecode.swift; path = AddPhotosFlow.swift; sourceTree = "<group>"; };
		19D47136847CF32C6251A4BD /* FunNames.swift */ = {isa = PBXFileReference; lastKnownFileType = sourcecode.swift; path = FunNames.swift; sourceTree = "<group>"; };
		1A4472F76A8259376EBEA738 /* Theme.swift */ = {isa = PBXFileReference; lastKnownFileType = sourcecode.swift; path = Theme.swift; sourceTree = "<group>"; };
		1AAEF45D13FB117DED5ED47F /* WingDex.app */ = {isa = PBXFileReference; includeInIndex = 0; lastKnownFileType = wrapper.application; path = WingDex.app; sourceTree = BUILT_PRODUCTS_DIR; };
		2B15C5A1EAE7387A54648C09 /* collage5.jpg */ = {isa = PBXFileReference; lastKnownFileType = image.jpeg; path = collage5.jpg; sourceTree = "<group>"; };
		2C367F98A44D6C24B18F1301 /* PasskeyManagementView.swift */ = {isa = PBXFileReference; lastKnownFileType = sourcecode.swift; path = PasskeyManagementView.swift; sourceTree = "<group>"; };
		305CCFA640186FBC5E19A9D5 /* WingDexTests.xctest */ = {isa = PBXFileReference; includeInIndex = 0; lastKnownFileType = wrapper.cfbundle; path = WingDexTests.xctest; sourceTree = BUILT_PRODUCTS_DIR; };
		34B8621A8E42D9A18A2125F8 /* Config.swift */ = {isa = PBXFileReference; lastKnownFileType = sourcecode.swift; path = Config.swift; sourceTree = "<group>"; };
		36494465879ECB03DD6185CA /* collage14.jpg */ = {isa = PBXFileReference; lastKnownFileType = image.jpeg; path = collage14.jpg; sourceTree = "<group>"; };
		38902C42A407AB194B63C757 /* PerPhotoConfirmView.swift */ = {isa = PBXFileReference; lastKnownFileType = sourcecode.swift; path = PerPhotoConfirmView.swift; sourceTree = "<group>"; };
		40E4A1B21654CC24CA891696 /* AuthIntegrationTests.swift */ = {isa = PBXFileReference; lastKnownFileType = sourcecode.swift; path = AuthIntegrationTests.swift; sourceTree = "<group>"; };
		424A71F14D412EECDDFC67EE /* collage3.jpg */ = {isa = PBXFileReference; lastKnownFileType = image.jpeg; path = collage3.jpg; sourceTree = "<group>"; };
		452C55049EB9AB7E09E62CA9 /* FunNamesTests.swift */ = {isa = PBXFileReference; lastKnownFileType = sourcecode.swift; path = FunNamesTests.swift; sourceTree = "<group>"; };
		487950E4852A38D4FFA3B405 /* collage24.jpg */ = {isa = PBXFileReference; lastKnownFileType = image.jpeg; path = collage24.jpg; sourceTree = "<group>"; };
		494CD419AD323D541E04D2AB /* AuthService.swift */ = {isa = PBXFileReference; lastKnownFileType = sourcecode.swift; path = AuthService.swift; sourceTree = "<group>"; };
		557A070AA631D1A44FE4F407 /* GitInfo.swift */ = {isa = PBXFileReference; lastKnownFileType = sourcecode.swift; path = GitInfo.swift; sourceTree = "<group>"; };
		584DE950D0BBC4D9543B7EB4 /* HomeView.swift */ = {isa = PBXFileReference; lastKnownFileType = sourcecode.swift; path = HomeView.swift; sourceTree = "<group>"; };
		5873328D24830AA514049E5C /* PhotoService.swift */ = {isa = PBXFileReference; lastKnownFileType = sourcecode.swift; path = PhotoService.swift; sourceTree = "<group>"; };
		5C89383FC185DF939A030C0D /* collage9.jpg */ = {isa = PBXFileReference; lastKnownFileType = image.jpeg; path = collage9.jpg; sourceTree = "<group>"; };
		5CACACCB759F9881B6989222 /* CropService.swift */ = {isa = PBXFileReference; lastKnownFileType = sourcecode.swift; path = CropService.swift; sourceTree = "<group>"; };
		5D23677801319F3BA63350DF /* Assets.xcassets */ = {isa = PBXFileReference; lastKnownFileType = folder.assetcatalog; path = Assets.xcassets; sourceTree = "<group>"; };
		61DFE3278988BC58601C97F3 /* AddPhotosViewModel.swift */ = {isa = PBXFileReference; lastKnownFileType = sourcecode.swift; path = AddPhotosViewModel.swift; sourceTree = "<group>"; };
		6A1D850B642C51F0AEA560F3 /* CollageImageCache.swift */ = {isa = PBXFileReference; lastKnownFileType = sourcecode.swift; path = CollageImageCache.swift; sourceTree = "<group>"; };
		6B5043AC2718CF99118DD12C /* WingDexView.swift */ = {isa = PBXFileReference; lastKnownFileType = sourcecode.swift; path = WingDexView.swift; sourceTree = "<group>"; };
		72BFD16A9929E03855E5E380 /* collage25.jpg */ = {isa = PBXFileReference; lastKnownFileType = image.jpeg; path = collage25.jpg; sourceTree = "<group>"; };
		73B4D479201C022372C3F4BF /* WingDexApp.swift */ = {isa = PBXFileReference; lastKnownFileType = sourcecode.swift; path = WingDexApp.swift; sourceTree = "<group>"; };
		75459FB601E98570280E8BFB /* collage12.jpg */ = {isa = PBXFileReference; lastKnownFileType = image.jpeg; path = collage12.jpg; sourceTree = "<group>"; };
		7A292B9762D444579B157E2C /* collage21.jpg */ = {isa = PBXFileReference; lastKnownFileType = image.jpeg; path = collage21.jpg; sourceTree = "<group>"; };
		839C24B2C567AC5C75E3844C /* Data+Base64URL.swift */ = {isa = PBXFileReference; lastKnownFileType = sourcecode.swift; path = "Data+Base64URL.swift"; sourceTree = "<group>"; };
		8820687DF86D539EF3275711 /* collage8.jpg */ = {isa = PBXFileReference; lastKnownFileType = image.jpeg; path = collage8.jpg; sourceTree = "<group>"; };
		8BA379E90DE3BD99B508BCD7 /* DataManagementView.swift */ = {isa = PBXFileReference; lastKnownFileType = sourcecode.swift; path = DataManagementView.swift; sourceTree = "<group>"; };
		8DF3BE4EAF4D781A2029593E /* DataStore.swift */ = {isa = PBXFileReference; lastKnownFileType = sourcecode.swift; path = DataStore.swift; sourceTree = "<group>"; };
		8E0885077F6EE158317DCAC6 /* AppIconView.swift */ = {isa = PBXFileReference; lastKnownFileType = sourcecode.swift; path = AppIconView.swift; sourceTree = "<group>"; };
		92009ED89B0B508740436CC5 /* collage17.jpg */ = {isa = PBXFileReference; lastKnownFileType = image.jpeg; path = collage17.jpg; sourceTree = "<group>"; };
		9986F927C0C622E7A4DE4C2E /* AppModels.swift */ = {isa = PBXFileReference; lastKnownFileType = sourcecode.swift; path = AppModels.swift; sourceTree = "<group>"; };
		99DD81C22AA9F61ABDD60B50 /* collage11.jpg */ = {isa = PBXFileReference; lastKnownFileType = image.jpeg; path = collage11.jpg; sourceTree = "<group>"; };
		9E26C4686392C96AAB515199 /* CropView.swift */ = {isa = PBXFileReference; lastKnownFileType = sourcecode.swift; path = CropView.swift; sourceTree = "<group>"; };
		A167BA0320720274AA15EF34 /* EBirdImportView.swift */ = {isa = PBXFileReference; lastKnownFileType = sourcecode.swift; path = EBirdImportView.swift; sourceTree = "<group>"; };
		A4E7F8433923067E08E2E6C2 /* WingDex.entitlements */ = {isa = PBXFileReference; lastKnownFileType = text.plist.entitlements; path = WingDex.entitlements; sourceTree = "<group>"; };
		A622289860EDC9BA77952568 /* collage23.jpg */ = {isa = PBXFileReference; lastKnownFileType = image.jpeg; path = collage23.jpg; sourceTree = "<group>"; };
		A830FC9081930F984391A2BC /* OutingReviewView.swift */ = {isa = PBXFileReference; lastKnownFileType = sourcecode.swift; path = OutingReviewView.swift; sourceTree = "<group>"; };
		AE7506A9CCCD1EF7E59111BE /* collage13.jpg */ = {isa = PBXFileReference; lastKnownFileType = image.jpeg; path = collage13.jpg; sourceTree = "<group>"; };
		AFB4D1BB4367DDC5F16A9D39 /* DateFormatting.swift */ = {isa = PBXFileReference; lastKnownFileType = sourcecode.swift; path = DateFormatting.swift; sourceTree = "<group>"; };
		B55E48905A381B4AAD9D6D13 /* AuthenticatedRequest.swift */ = {isa = PBXFileReference; lastKnownFileType = sourcecode.swift; path = AuthenticatedRequest.swift; sourceTree = "<group>"; };
		B594465F1456F0C7DB88CEDC /* wingdex.bird.fill.svg */ = {isa = PBXFileReference; path = wingdex.bird.fill.svg; sourceTree = "<group>"; };
		B8A7A81D10BED074ED746634 /* collage2.jpg */ = {isa = PBXFileReference; lastKnownFileType = image.jpeg; path = collage2.jpg; sourceTree = "<group>"; };
		BB01BEA15BC45041F637C903 /* OutingsView.swift */ = {isa = PBXFileReference; lastKnownFileType = sourcecode.swift; path = OutingsView.swift; sourceTree = "<group>"; };
		BC6ADC80E561240BA8BF7D7E /* collage1.jpg */ = {isa = PBXFileReference; lastKnownFileType = image.jpeg; path = collage1.jpg; sourceTree = "<group>"; };
		C3E027D5423D69EFC1429801 /* PhotoSelectionView.swift */ = {isa = PBXFileReference; lastKnownFileType = sourcecode.swift; path = PhotoSelectionView.swift; sourceTree = "<group>"; };
		C55734005BE9F01B6719A826 /* PasskeyService.swift */ = {isa = PBXFileReference; lastKnownFileType = sourcecode.swift; path = PasskeyService.swift; sourceTree = "<group>"; };
		C927A85FC167B684891346FD /* collage7.jpg */ = {isa = PBXFileReference; lastKnownFileType = image.jpeg; path = collage7.jpg; sourceTree = "<group>"; };
		CFBE1598DFE8F27ED8313060 /* DataService.swift */ = {isa = PBXFileReference; lastKnownFileType = sourcecode.swift; path = DataService.swift; sourceTree = "<group>"; };
		D0102B85A0116EB696C3EBD1 /* SpeciesDetailView.swift */ = {isa = PBXFileReference; lastKnownFileType = sourcecode.swift; path = SpeciesDetailView.swift; sourceTree = "<group>"; };
		D57FC6933BCB9DA6D01C6F9E /* PreviewData.swift */ = {isa = PBXFileReference; lastKnownFileType = sourcecode.swift; path = PreviewData.swift; sourceTree = "<group>"; };
		D695216CCB35E38C87F3A7E3 /* collage18.jpg */ = {isa = PBXFileReference; lastKnownFileType = image.jpeg; path = collage18.jpg; sourceTree = "<group>"; };
		D695C5A3092D731C50F4DDB0 /* collage6.jpg */ = {isa = PBXFileReference; lastKnownFileType = image.jpeg; path = collage6.jpg; sourceTree = "<group>"; };
		D6BE01C34369162F9C9D17E7 /* collage15.jpg */ = {isa = PBXFileReference; lastKnownFileType = image.jpeg; path = collage15.jpg; sourceTree = "<group>"; };
		DE1613DCCF3480F9644D0D29 /* AuthServiceTests.swift */ = {isa = PBXFileReference; lastKnownFileType = sourcecode.swift; path = AuthServiceTests.swift; sourceTree = "<group>"; };
		E01D6CCC5A4C9255372AFD03 /* Preview Assets.xcassets */ = {isa = PBXFileReference; lastKnownFileType = folder.assetcatalog; path = "Preview Assets.xcassets"; sourceTree = "<group>"; };
		E3267AD348C875809EB03958 /* collage4.jpg */ = {isa = PBXFileReference; lastKnownFileType = image.jpeg; path = collage4.jpg; sourceTree = "<group>"; };
		E6F5DCDBE61DDC1D237FD032 /* OutingDetailView.swift */ = {isa = PBXFileReference; lastKnownFileType = sourcecode.swift; path = OutingDetailView.swift; sourceTree = "<group>"; };
		E86C671B60643DC2C811F15A /* collage22.jpg */ = {isa = PBXFileReference; lastKnownFileType = image.jpeg; path = collage22.jpg; sourceTree = "<group>"; };
		ED9B5F2AE7098763A2118370 /* collage26.jpg */ = {isa = PBXFileReference; lastKnownFileType = image.jpeg; path = collage26.jpg; sourceTree = "<group>"; };
		EED95BB5C7C9CBADD0CB3D05 /* wingdex.bird.svg */ = {isa = PBXFileReference; path = wingdex.bird.svg; sourceTree = "<group>"; };
		EF5196BB0E920CD88E769065 /* Info.plist */ = {isa = PBXFileReference; lastKnownFileType = text.plist; path = Info.plist; sourceTree = "<group>"; };
		F930B7A16F2B5C40B971D674 /* taxonomy.json */ = {isa = PBXFileReference; lastKnownFileType = text.json; path = taxonomy.json; sourceTree = "<group>"; };
		FFAFE8721F91D965AC05FBBD /* collage20.jpg */ = {isa = PBXFileReference; lastKnownFileType = image.jpeg; path = collage20.jpg; sourceTree = "<group>"; };
/* End PBXFileReference section */

/* Begin PBXFrameworksBuildPhase section */
		E5E0CF21C98E3D40ECF2BFD6 /* Frameworks */ = {
			isa = PBXFrameworksBuildPhase;
			buildActionMask = 2147483647;
			files = (
				0288642E71720F4AE48BDDB5 /* OpenAPIRuntime in Frameworks */,
				8789AC9CBFD81D2B38495B2A /* OpenAPIURLSession in Frameworks */,
				A9F53E5EAD8952F1C8720B77 /* KeychainAccess in Frameworks */,
			);
			runOnlyForDeploymentPostprocessing = 0;
		};
/* End PBXFrameworksBuildPhase section */

/* Begin PBXGroup section */
		171A4E77667DF212FEDB47BF /* Products */ = {
			isa = PBXGroup;
			children = (
				1AAEF45D13FB117DED5ED47F /* WingDex.app */,
				305CCFA640186FBC5E19A9D5 /* WingDexTests.xctest */,
			);
			name = Products;
			sourceTree = "<group>";
		};
		35BD944CBBE8885E7DDD1742 /* Services */ = {
			isa = PBXGroup;
			children = (
				B55E48905A381B4AAD9D6D13 /* AuthenticatedRequest.swift */,
				494CD419AD323D541E04D2AB /* AuthService.swift */,
				6A1D850B642C51F0AEA560F3 /* CollageImageCache.swift */,
				5CACACCB759F9881B6989222 /* CropService.swift */,
				CFBE1598DFE8F27ED8313060 /* DataService.swift */,
				8DF3BE4EAF4D781A2029593E /* DataStore.swift */,
				19D47136847CF32C6251A4BD /* FunNames.swift */,
				C55734005BE9F01B6719A826 /* PasskeyService.swift */,
				5873328D24830AA514049E5C /* PhotoService.swift */,
			);
			path = Services;
			sourceTree = "<group>";
		};
		467DC98756411111AD9C9A74 /* CollagePhotos */ = {
			isa = PBXGroup;
			children = (
				BC6ADC80E561240BA8BF7D7E /* collage1.jpg */,
				B8A7A81D10BED074ED746634 /* collage2.jpg */,
				424A71F14D412EECDDFC67EE /* collage3.jpg */,
				E3267AD348C875809EB03958 /* collage4.jpg */,
				2B15C5A1EAE7387A54648C09 /* collage5.jpg */,
				D695C5A3092D731C50F4DDB0 /* collage6.jpg */,
				C927A85FC167B684891346FD /* collage7.jpg */,
				8820687DF86D539EF3275711 /* collage8.jpg */,
				5C89383FC185DF939A030C0D /* collage9.jpg */,
				00D4769B0C77E3D08DF39FA3 /* collage10.jpg */,
				99DD81C22AA9F61ABDD60B50 /* collage11.jpg */,
				75459FB601E98570280E8BFB /* collage12.jpg */,
				AE7506A9CCCD1EF7E59111BE /* collage13.jpg */,
				36494465879ECB03DD6185CA /* collage14.jpg */,
				D6BE01C34369162F9C9D17E7 /* collage15.jpg */,
				181CAF182184C0BF767EC8E4 /* collage16.jpg */,
				92009ED89B0B508740436CC5 /* collage17.jpg */,
				D695216CCB35E38C87F3A7E3 /* collage18.jpg */,
				1758F97178B6D85D64F1363D /* collage19.jpg */,
				FFAFE8721F91D965AC05FBBD /* collage20.jpg */,
				7A292B9762D444579B157E2C /* collage21.jpg */,
				E86C671B60643DC2C811F15A /* collage22.jpg */,
				A622289860EDC9BA77952568 /* collage23.jpg */,
				487950E4852A38D4FFA3B405 /* collage24.jpg */,
				72BFD16A9929E03855E5E380 /* collage25.jpg */,
				ED9B5F2AE7098763A2118370 /* collage26.jpg */,
			);
			path = CollagePhotos;
			sourceTree = "<group>";
		};
		4F9CBCF94BE709EC181D37E2 /* WingDex */ = {
			isa = PBXGroup;
			children = (
				5D23677801319F3BA63350DF /* Assets.xcassets */,
				EF5196BB0E920CD88E769065 /* Info.plist */,
				A4E7F8433923067E08E2E6C2 /* WingDex.entitlements */,
				F9CBE6C17AEE91B8E883A213 /* App */,
				731C2CB75500F5BE1AA2754F /* Extensions */,
				E6423F10CAA29DF0E53067C9 /* Models */,
				6CADE1F53225577F04624AC0 /* Preview Content */,
				DBBBCF6459FAFC8C168D249D /* Resources */,
				35BD944CBBE8885E7DDD1742 /* Services */,
				891B23AA8B22C88571C3D021 /* ViewModels */,
				50D2C3C80347720F4FEA3B40 /* Views */,
			);
			path = WingDex;
			sourceTree = "<group>";
		};
		50D2C3C80347720F4FEA3B40 /* Views */ = {
			isa = PBXGroup;
			children = (
				8E0885077F6EE158317DCAC6 /* AppIconView.swift */,
				8BA379E90DE3BD99B508BCD7 /* DataManagementView.swift */,
				A167BA0320720274AA15EF34 /* EBirdImportView.swift */,
				584DE950D0BBC4D9543B7EB4 /* HomeView.swift */,
				E6F5DCDBE61DDC1D237FD032 /* OutingDetailView.swift */,
				BB01BEA15BC45041F637C903 /* OutingsView.swift */,
				2C367F98A44D6C24B18F1301 /* PasskeyManagementView.swift */,
				01F34071627BDA774005F033 /* SettingsView.swift */,
				0A98BE3CB346AC4FFC28246D /* SharedComponents.swift */,
				01FABF05EDCB9B13D4839648 /* SignInView.swift */,
				D0102B85A0116EB696C3EBD1 /* SpeciesDetailView.swift */,
				6B5043AC2718CF99118DD12C /* WingDexView.swift */,
				5353261569A9D1CF874CAF69 /* AddPhotosFlow */,
			);
			path = Views;
			sourceTree = "<group>";
		};
		5353261569A9D1CF874CAF69 /* AddPhotosFlow */ = {
			isa = PBXGroup;
			children = (
				190E573E0224A499A6CEB58C /* AddPhotosFlow.swift */,
				9E26C4686392C96AAB515199 /* CropView.swift */,
				A830FC9081930F984391A2BC /* OutingReviewView.swift */,
				38902C42A407AB194B63C757 /* PerPhotoConfirmView.swift */,
				C3E027D5423D69EFC1429801 /* PhotoSelectionView.swift */,
			);
			path = AddPhotosFlow;
			sourceTree = "<group>";
		};
		6C0CFAE4F6ECEE1B9223C35E /* SFSymbols */ = {
			isa = PBXGroup;
			children = (
				B594465F1456F0C7DB88CEDC /* wingdex.bird.fill.svg */,
				EED95BB5C7C9CBADD0CB3D05 /* wingdex.bird.svg */,
			);
			path = SFSymbols;
			sourceTree = "<group>";
		};
		6CADE1F53225577F04624AC0 /* Preview Content */ = {
			isa = PBXGroup;
			children = (
				E01D6CCC5A4C9255372AFD03 /* Preview Assets.xcassets */,
				D57FC6933BCB9DA6D01C6F9E /* PreviewData.swift */,
			);
			path = "Preview Content";
			sourceTree = "<group>";
		};
		731C2CB75500F5BE1AA2754F /* Extensions */ = {
			isa = PBXGroup;
			children = (
				839C24B2C567AC5C75E3844C /* Data+Base64URL.swift */,
				AFB4D1BB4367DDC5F16A9D39 /* DateFormatting.swift */,
				1A4472F76A8259376EBEA738 /* Theme.swift */,
			);
			path = Extensions;
			sourceTree = "<group>";
		};
		758C896DBB8391A7AE86403E /* WingDexTests */ = {
			isa = PBXGroup;
			children = (
				40E4A1B21654CC24CA891696 /* AuthIntegrationTests.swift */,
				DE1613DCCF3480F9644D0D29 /* AuthServiceTests.swift */,
				452C55049EB9AB7E09E62CA9 /* FunNamesTests.swift */,
			);
			path = WingDexTests;
			sourceTree = "<group>";
		};
		891B23AA8B22C88571C3D021 /* ViewModels */ = {
			isa = PBXGroup;
			children = (
				61DFE3278988BC58601C97F3 /* AddPhotosViewModel.swift */,
			);
			path = ViewModels;
			sourceTree = "<group>";
		};
		B3245F51E3319C4574E0AAD5 = {
			isa = PBXGroup;
			children = (
				4F9CBCF94BE709EC181D37E2 /* WingDex */,
				758C896DBB8391A7AE86403E /* WingDexTests */,
				171A4E77667DF212FEDB47BF /* Products */,
			);
			sourceTree = "<group>";
		};
		DBBBCF6459FAFC8C168D249D /* Resources */ = {
			isa = PBXGroup;
			children = (
								A1B2C3D4E5F6A7B8C9D0E1F2 /* AppIcon.icon */,
071E15B7BF7B6D9EA12130BA /* demo-ebird-import.csv */,
				F930B7A16F2B5C40B971D674 /* taxonomy.json */,
				467DC98756411111AD9C9A74 /* CollagePhotos */,
				6C0CFAE4F6ECEE1B9223C35E /* SFSymbols */,
			);
			path = Resources;
			sourceTree = "<group>";
		};
		E6423F10CAA29DF0E53067C9 /* Models */ = {
			isa = PBXGroup;
			children = (
				9986F927C0C622E7A4DE4C2E /* AppModels.swift */,
			);
			path = Models;
			sourceTree = "<group>";
		};
		F9CBE6C17AEE91B8E883A213 /* App */ = {
			isa = PBXGroup;
			children = (
				34B8621A8E42D9A18A2125F8 /* Config.swift */,
				557A070AA631D1A44FE4F407 /* GitInfo.swift */,
				73B4D479201C022372C3F4BF /* WingDexApp.swift */,
			);
			path = App;
			sourceTree = "<group>";
		};
/* End PBXGroup section */

/* Begin PBXNativeTarget section */
		069C1F4999CA086190E79089 /* WingDex */ = {
			isa = PBXNativeTarget;
			buildConfigurationList = 9F120F44C1BCF4A0D747BC74 /* Build configuration list for PBXNativeTarget "WingDex" */;
			buildPhases = (
				4EAE3C60C44E2B3ED8423CFF /* Sources */,
				8A0F8F3B8571B020C1668150 /* Resources */,
				E5E0CF21C98E3D40ECF2BFD6 /* Frameworks */,
			);
			buildRules = (
			);
			dependencies = (
			);
			name = WingDex;
			packageProductDependencies = (
				54957EE9C072C5F2FCC08BD2 /* OpenAPIRuntime */,
				B8A97988C95C91C186AFD127 /* OpenAPIURLSession */,
				ADE7F85F2A587DBB70E7CF19 /* KeychainAccess */,
			);
			productName = WingDex;
			productReference = 1AAEF45D13FB117DED5ED47F /* WingDex.app */;
			productType = "com.apple.product-type.application";
		};
		535379434C23A5772093AD25 /* WingDexTests */ = {
			isa = PBXNativeTarget;
			buildConfigurationList = CE13BD13F38F767E39343ACA /* Build configuration list for PBXNativeTarget "WingDexTests" */;
			buildPhases = (
				9A3082538FAF26FFBD583984 /* Sources */,
			);
			buildRules = (
			);
			dependencies = (
				76437CBCFDE645D26FB859E3 /* PBXTargetDependency */,
			);
			name = WingDexTests;
			packageProductDependencies = (
			);
			productName = WingDexTests;
			productReference = 305CCFA640186FBC5E19A9D5 /* WingDexTests.xctest */;
			productType = "com.apple.product-type.bundle.unit-test";
		};
/* End PBXNativeTarget section */

/* Begin PBXProject section */
		A49675ED5ABFAF851A15DB1C /* Project object */ = {
			isa = PBXProject;
			attributes = {
				BuildIndependentTargetsInParallel = YES;
				LastUpgradeCheck = 2630;
				TargetAttributes = {
					069C1F4999CA086190E79089 = {
						DevelopmentTeam = Z8LQS5S492;
						ProvisioningStyle = Automatic;
					};
					535379434C23A5772093AD25 = {
						DevelopmentTeam = Z8LQS5S492;
						ProvisioningStyle = Automatic;
					};
				};
			};
			buildConfigurationList = 1B57DE26A2341D9230C8D22E /* Build configuration list for PBXProject "WingDex" */;
			developmentRegion = en;
			hasScannedForEncodings = 0;
			knownRegions = (
				Base,
				en,
			);
			mainGroup = B3245F51E3319C4574E0AAD5;
			minimizedProjectReferenceProxies = 1;
			packageReferences = (
				7CFAD3560E8EE594AE49564E /* XCRemoteSwiftPackageReference "KeychainAccess" */,
				AFCC814716B12AF407D02F28 /* XCRemoteSwiftPackageReference "swift-openapi-generator" */,
				3CC5DFA95CB1275F46DE1DF6 /* XCRemoteSwiftPackageReference "swift-openapi-runtime" */,
				05914FFD98F0F320B88F6693 /* XCRemoteSwiftPackageReference "swift-openapi-urlsession" */,
			);
			preferredProjectObjectVersion = 77;
			productRefGroup = 171A4E77667DF212FEDB47BF /* Products */;
			projectDirPath = "";
			projectRoot = "";
			targets = (
				069C1F4999CA086190E79089 /* WingDex */,
				535379434C23A5772093AD25 /* WingDexTests */,
			);
		};
/* End PBXProject section */

/* Begin PBXResourcesBuildPhase section */
		8A0F8F3B8571B020C1668150 /* Resources */ = {
			isa = PBXResourcesBuildPhase;
			buildActionMask = 2147483647;
			files = (
								F2E1D0C9B8A7F6E5D4C3B2A1 /* AppIcon.icon in Resources */,
CAF5CA6AE5E559BB812F83AC /* Assets.xcassets in Resources */,
				F8B6EC497AAFE5B360FEB1C4 /* Preview Assets.xcassets in Resources */,
				6A3E3A8BE6F89235D4E0ED32 /* collage1.jpg in Resources */,
				DA3EE1B5E1FD9FC6650D8641 /* collage10.jpg in Resources */,
				43921D83ECB05301E343D2ED /* collage11.jpg in Resources */,
				85DC45536CC8552F75FE3F5E /* collage12.jpg in Resources */,
				1735984485D0D573F5B44CC5 /* collage13.jpg in Resources */,
				83E52AD5FC060393640D683A /* collage14.jpg in Resources */,
				EC32F8D0F8667FB35B858955 /* collage15.jpg in Resources */,
				42568A4F6F92C917A7520B17 /* collage16.jpg in Resources */,
				1ABC63F63D0C5C701EA041F3 /* collage17.jpg in Resources */,
				7FF4AB0E40E668062F651F9E /* collage18.jpg in Resources */,
				4D2754D2E24874B1AB391719 /* collage19.jpg in Resources */,
				1B3D5823766242A3608DE553 /* collage2.jpg in Resources */,
				A9D6BD3B4EA0675C258AAC95 /* collage20.jpg in Resources */,
				2CDDDF5ED153526ADF124174 /* collage21.jpg in Resources */,
				D06B790CE07161BC845DF0C0 /* collage22.jpg in Resources */,
				FBEFC9BF3A67B58D4A6F4330 /* collage23.jpg in Resources */,
				F9D9676BF78FC086E34593E6 /* collage24.jpg in Resources */,
				0084B120DD615FA387FFD173 /* collage25.jpg in Resources */,
				B9AFD4677C1CDFE260982FB6 /* collage26.jpg in Resources */,
				8DB0081701C7F23291D5D5CC /* collage3.jpg in Resources */,
				FEE8C9891A706F0643EDB693 /* collage4.jpg in Resources */,
				E7F1CD08B4419AEE2DD83173 /* collage5.jpg in Resources */,
				7E3212765B74C8A522921370 /* collage6.jpg in Resources */,
				D13F7D493B35025989C835C0 /* collage7.jpg in Resources */,
				59F01BFA523390B1E022749B /* collage8.jpg in Resources */,
				D8DFA0C3C59C5D88AFA8A885 /* collage9.jpg in Resources */,
				71AE086D49EDD88D2294F2E1 /* demo-ebird-import.csv in Resources */,
				223DAEB5BCD5CAC52065CF13 /* taxonomy.json in Resources */,
				76D79E728919533E7EC625BA /* wingdex.bird.fill.svg in Resources */,
				A989546664F59DD8E785BBDE /* wingdex.bird.svg in Resources */,
			);
			runOnlyForDeploymentPostprocessing = 0;
		};
/* End PBXResourcesBuildPhase section */

/* Begin PBXSourcesBuildPhase section */
		4EAE3C60C44E2B3ED8423CFF /* Sources */ = {
			isa = PBXSourcesBuildPhase;
			buildActionMask = 2147483647;
			files = (
				ABA7A9183EF63B93C1241B34 /* AddPhotosFlow.swift in Sources */,
				3765CB91633BD6B909098629 /* AddPhotosViewModel.swift in Sources */,
				CCB60C37FEB5B3C7781CF308 /* AppIconView.swift in Sources */,
				0C26BD71C3D1128D41123339 /* AppModels.swift in Sources */,
				4BF3798F0ADD7B34948B1C65 /* AuthService.swift in Sources */,
				78A345C5C3608103CBE304D2 /* AuthenticatedRequest.swift in Sources */,
				28C700594AF36399A460FAAB /* CollageImageCache.swift in Sources */,
				2300C447E8E145BFE9E12FA5 /* Config.swift in Sources */,
				FE52C5B543CE063EF47FEFF5 /* CropService.swift in Sources */,
				27F3FC5181B71ADB687A56CC /* CropView.swift in Sources */,
				F328447561BB5DDA17308FD4 /* Data+Base64URL.swift in Sources */,
				3AD082AB856689D48C4E9C72 /* DataManagementView.swift in Sources */,
				EE234F9D0E5A8EC5DDC52616 /* DataService.swift in Sources */,
				3E0B15C139B971B778758337 /* DataStore.swift in Sources */,
				9D86C5364CD6EE6224D8BE43 /* DateFormatting.swift in Sources */,
				1587B24CB8AEF6D2C3D0DCEB /* EBirdImportView.swift in Sources */,
				48572F12742996B68226EECF /* FunNames.swift in Sources */,
				085CA0BF32A695F766CBB46B /* GitInfo.swift in Sources */,
				6541BF20FA6B0465C6AA8204 /* HomeView.swift in Sources */,
				FD2A7A67F8326BF5BAAF67BE /* OutingDetailView.swift in Sources */,
				61E5088EFD9DB2B036AA1F61 /* OutingReviewView.swift in Sources */,
				C4F77EC5DA4A743530651286 /* OutingsView.swift in Sources */,
				A7FD52F0548A2FA50CB2C848 /* PasskeyManagementView.swift in Sources */,
				F6615E3D24C9B015D69520FA /* PasskeyService.swift in Sources */,
				BD96926C1134F529AA29C7B2 /* PerPhotoConfirmView.swift in Sources */,
				D23336CF295224BCB488B19B /* PhotoSelectionView.swift in Sources */,
				7D8B718A1CCBEBD903238420 /* PhotoService.swift in Sources */,
				08DD179D53004B5D6B3771C5 /* PreviewData.swift in Sources */,
				4F4AEE471B77C7087B5DB09F /* SettingsView.swift in Sources */,
				2314AD2B5AD2CAE6D1426754 /* SharedComponents.swift in Sources */,
				9E3F0C28882FAFAA45934BCF /* SignInView.swift in Sources */,
				BE1BC5ECDCCA3BB2EAA10E79 /* SpeciesDetailView.swift in Sources */,
				BFEEDFE99B8E9AE03FC3304F /* Theme.swift in Sources */,
				0FED48A726585A89C3989A51 /* WingDexApp.swift in Sources */,
				A50BC3771AA5086CA25A13B7 /* WingDexView.swift in Sources */,
			);
			runOnlyForDeploymentPostprocessing = 0;
		};
		9A3082538FAF26FFBD583984 /* Sources */ = {
			isa = PBXSourcesBuildPhase;
			buildActionMask = 2147483647;
			files = (
				58B69A80EFAF3294811D2CE3 /* AuthIntegrationTests.swift in Sources */,
				8EE17A4E87495C877151768B /* AuthServiceTests.swift in Sources */,
				E2DEFBDD3B36FEB4C7CFCC96 /* FunNamesTests.swift in Sources */,
			);
			runOnlyForDeploymentPostprocessing = 0;
		};
/* End PBXSourcesBuildPhase section */

/* Begin PBXTargetDependency section */
		76437CBCFDE645D26FB859E3 /* PBXTargetDependency */ = {
			isa = PBXTargetDependency;
			target = 069C1F4999CA086190E79089 /* WingDex */;
			targetProxy = 0D6A3A3A6F9704FB3F10789F /* PBXContainerItemProxy */;
		};
/* End PBXTargetDependency section */

/* Begin XCBuildConfiguration section */
		19A6F577678B3895C297C847 /* Debug */ = {
			isa = XCBuildConfiguration;
			buildSettings = {
				ALWAYS_SEARCH_USER_PATHS = NO;
				ASSETCATALOG_COMPILER_GENERATE_SWIFT_ASSET_SYMBOL_EXTENSIONS = YES;
				CLANG_ANALYZER_NONNULL = YES;
				CLANG_ANALYZER_NUMBER_OBJECT_CONVERSION = YES_AGGRESSIVE;
				CLANG_CXX_LANGUAGE_STANDARD = "gnu++14";
				CLANG_CXX_LIBRARY = "libc++";
				CLANG_ENABLE_MODULES = YES;
				CLANG_ENABLE_OBJC_ARC = YES;
				CLANG_ENABLE_OBJC_WEAK = YES;
				CLANG_WARN_BLOCK_CAPTURE_AUTORELEASING = YES;
				CLANG_WARN_BOOL_CONVERSION = YES;
				CLANG_WARN_COMMA = YES;
				CLANG_WARN_CONSTANT_CONVERSION = YES;
				CLANG_WARN_DEPRECATED_OBJC_IMPLEMENTATIONS = YES;
				CLANG_WARN_DIRECT_OBJC_ISA_USAGE = YES_ERROR;
				CLANG_WARN_DOCUMENTATION_COMMENTS = YES;
				CLANG_WARN_EMPTY_BODY = YES;
				CLANG_WARN_ENUM_CONVERSION = YES;
				CLANG_WARN_INFINITE_RECURSION = YES;
				CLANG_WARN_INT_CONVERSION = YES;
				CLANG_WARN_NON_LITERAL_NULL_CONVERSION = YES;
				CLANG_WARN_OBJC_IMPLICIT_RETAIN_SELF = YES;
				CLANG_WARN_OBJC_LITERAL_CONVERSION = YES;
				CLANG_WARN_OBJC_ROOT_CLASS = YES_ERROR;
				CLANG_WARN_QUOTED_INCLUDE_IN_FRAMEWORK_HEADER = YES;
				CLANG_WARN_RANGE_LOOP_ANALYSIS = YES;
				CLANG_WARN_STRICT_PROTOTYPES = YES;
				CLANG_WARN_SUSPICIOUS_MOVE = YES;
				CLANG_WARN_UNGUARDED_AVAILABILITY = YES_AGGRESSIVE;
				CLANG_WARN_UNREACHABLE_CODE = YES;
				CLANG_WARN__DUPLICATE_METHOD_MATCH = YES;
				COPY_PHASE_STRIP = NO;
				DEBUG_INFORMATION_FORMAT = dwarf;
				DEVELOPMENT_TEAM = Z8LQS5S492;
				ENABLE_STRICT_OBJC_MSGSEND = YES;
				ENABLE_TESTABILITY = YES;
				ENABLE_USER_SCRIPT_SANDBOXING = YES;
				GCC_C_LANGUAGE_STANDARD = gnu11;
				GCC_DYNAMIC_NO_PIC = NO;
				GCC_NO_COMMON_BLOCKS = YES;
				GCC_OPTIMIZATION_LEVEL = 0;
				GCC_PREPROCESSOR_DEFINITIONS = (
					"$(inherited)",
					"DEBUG=1",
				);
				GCC_WARN_64_TO_32_BIT_CONVERSION = YES;
				GCC_WARN_ABOUT_RETURN_TYPE = YES_ERROR;
				GCC_WARN_UNDECLARED_SELECTOR = YES;
				GCC_WARN_UNINITIALIZED_AUTOS = YES_AGGRESSIVE;
				GCC_WARN_UNUSED_FUNCTION = YES;
				GCC_WARN_UNUSED_VARIABLE = YES;
				IPHONEOS_DEPLOYMENT_TARGET = 26.0;
				MTL_ENABLE_DEBUG_INFO = INCLUDE_SOURCE;
				MTL_FAST_MATH = YES;
				ONLY_ACTIVE_ARCH = YES;
				PRODUCT_NAME = "$(TARGET_NAME)";
				SDKROOT = iphoneos;
				STRING_CATALOG_GENERATE_SYMBOLS = YES;
				SWIFT_ACTIVE_COMPILATION_CONDITIONS = DEBUG;
				SWIFT_EMIT_LOC_STRINGS = YES;
				SWIFT_OPTIMIZATION_LEVEL = "-Onone";
				SWIFT_VERSION = 6.0;
			};
			name = Debug;
		};
		2393A245882253E89992ACAD /* Debug */ = {
			isa = XCBuildConfiguration;
			buildSettings = {
				ASSETCATALOG_COMPILER_APPICON_NAME = AppIcon;
				ASSETCATALOG_COMPILER_GLOBAL_ACCENT_COLOR_NAME = AccentColor;
				ASSETCATALOG_COMPILER_INCLUDE_ALL_APPICON_ASSETS = YES;
				CODE_SIGN_ALLOW_ENTITLEMENTS_MODIFICATION = YES;
				CODE_SIGN_ENTITLEMENTS = WingDex/WingDex.entitlements;
				CODE_SIGN_IDENTITY = "iPhone Developer";
				CODE_SIGN_STYLE = Automatic;
				CURRENT_PROJECT_VERSION = 1;
				INFOPLIST_FILE = WingDex/Info.plist;
				INFOPLIST_KEY_LSApplicationCategoryType = "public.app-category.lifestyle";
				LD_RUNPATH_SEARCH_PATHS = (
					"$(inherited)",
					"@executable_path/Frameworks",
				);
				MARKETING_VERSION = 0.3.0;
				PRODUCT_BUNDLE_IDENTIFIER = app.wingdex;
				SDKROOT = iphoneos;
				SWIFT_STRICT_CONCURRENCY = complete;
				TARGETED_DEVICE_FAMILY = 1;
			};
			name = Debug;
		};
		2874153B193DFEF6FABAF423 /* Release */ = {
			isa = XCBuildConfiguration;
			buildSettings = {
				ALWAYS_SEARCH_USER_PATHS = NO;
				ASSETCATALOG_COMPILER_GENERATE_SWIFT_ASSET_SYMBOL_EXTENSIONS = YES;
				CLANG_ANALYZER_NONNULL = YES;
				CLANG_ANALYZER_NUMBER_OBJECT_CONVERSION = YES_AGGRESSIVE;
				CLANG_CXX_LANGUAGE_STANDARD = "gnu++14";
				CLANG_CXX_LIBRARY = "libc++";
				CLANG_ENABLE_MODULES = YES;
				CLANG_ENABLE_OBJC_ARC = YES;
				CLANG_ENABLE_OBJC_WEAK = YES;
				CLANG_WARN_BLOCK_CAPTURE_AUTORELEASING = YES;
				CLANG_WARN_BOOL_CONVERSION = YES;
				CLANG_WARN_COMMA = YES;
				CLANG_WARN_CONSTANT_CONVERSION = YES;
				CLANG_WARN_DEPRECATED_OBJC_IMPLEMENTATIONS = YES;
				CLANG_WARN_DIRECT_OBJC_ISA_USAGE = YES_ERROR;
				CLANG_WARN_DOCUMENTATION_COMMENTS = YES;
				CLANG_WARN_EMPTY_BODY = YES;
				CLANG_WARN_ENUM_CONVERSION = YES;
				CLANG_WARN_INFINITE_RECURSION = YES;
				CLANG_WARN_INT_CONVERSION = YES;
				CLANG_WARN_NON_LITERAL_NULL_CONVERSION = YES;
				CLANG_WARN_OBJC_IMPLICIT_RETAIN_SELF = YES;
				CLANG_WARN_OBJC_LITERAL_CONVERSION = YES;
				CLANG_WARN_OBJC_ROOT_CLASS = YES_ERROR;
				CLANG_WARN_QUOTED_INCLUDE_IN_FRAMEWORK_HEADER = YES;
				CLANG_WARN_RANGE_LOOP_ANALYSIS = YES;
				CLANG_WARN_STRICT_PROTOTYPES = YES;
				CLANG_WARN_SUSPICIOUS_MOVE = YES;
				CLANG_WARN_UNGUARDED_AVAILABILITY = YES_AGGRESSIVE;
				CLANG_WARN_UNREACHABLE_CODE = YES;
				CLANG_WARN__DUPLICATE_METHOD_MATCH = YES;
				COPY_PHASE_STRIP = NO;
				DEBUG_INFORMATION_FORMAT = "dwarf-with-dsym";
				DEVELOPMENT_TEAM = Z8LQS5S492;
				ENABLE_NS_ASSERTIONS = NO;
				ENABLE_STRICT_OBJC_MSGSEND = YES;
				ENABLE_USER_SCRIPT_SANDBOXING = YES;
				GCC_C_LANGUAGE_STANDARD = gnu11;
				GCC_NO_COMMON_BLOCKS = YES;
				GCC_WARN_64_TO_32_BIT_CONVERSION = YES;
				GCC_WARN_ABOUT_RETURN_TYPE = YES_ERROR;
				GCC_WARN_UNDECLARED_SELECTOR = YES;
				GCC_WARN_UNINITIALIZED_AUTOS = YES_AGGRESSIVE;
				GCC_WARN_UNUSED_FUNCTION = YES;
				GCC_WARN_UNUSED_VARIABLE = YES;
				IPHONEOS_DEPLOYMENT_TARGET = 26.0;
				MTL_ENABLE_DEBUG_INFO = NO;
				MTL_FAST_MATH = YES;
				PRODUCT_NAME = "$(TARGET_NAME)";
				SDKROOT = iphoneos;
				STRING_CATALOG_GENERATE_SYMBOLS = YES;
				SWIFT_COMPILATION_MODE = wholemodule;
				SWIFT_EMIT_LOC_STRINGS = YES;
				SWIFT_OPTIMIZATION_LEVEL = "-O";
				SWIFT_VERSION = 6.0;
			};
			name = Release;
		};
		34A81CB85EDE5A4FA46327AB /* Debug */ = {
			isa = XCBuildConfiguration;
			buildSettings = {
				BUNDLE_LOADER = "$(TEST_HOST)";
				CODE_SIGN_STYLE = Automatic;
				GENERATE_INFOPLIST_FILE = YES;
				LD_RUNPATH_SEARCH_PATHS = (
					"$(inherited)",
					"@executable_path/Frameworks",
					"@loader_path/Frameworks",
				);
				PRODUCT_BUNDLE_IDENTIFIER = app.wingdex.tests;
				SDKROOT = iphoneos;
				TARGETED_DEVICE_FAMILY = "1,2";
				TEST_HOST = "$(BUILT_PRODUCTS_DIR)/WingDex.app/WingDex";
			};
			name = Debug;
		};
		41FF62ED64EF357A4CD545A8 /* Release */ = {
			isa = XCBuildConfiguration;
			buildSettings = {
				BUNDLE_LOADER = "$(TEST_HOST)";
				CODE_SIGN_STYLE = Automatic;
				GENERATE_INFOPLIST_FILE = YES;
				LD_RUNPATH_SEARCH_PATHS = (
					"$(inherited)",
					"@executable_path/Frameworks",
					"@loader_path/Frameworks",
				);
				PRODUCT_BUNDLE_IDENTIFIER = app.wingdex.tests;
				SDKROOT = iphoneos;
				TARGETED_DEVICE_FAMILY = "1,2";
				TEST_HOST = "$(BUILT_PRODUCTS_DIR)/WingDex.app/WingDex";
			};
			name = Release;
		};
		E117ABF5C00CB20BDCC976FA /* Release */ = {
			isa = XCBuildConfiguration;
			buildSettings = {
				ASSETCATALOG_COMPILER_APPICON_NAME = AppIcon;
				ASSETCATALOG_COMPILER_GLOBAL_ACCENT_COLOR_NAME = AccentColor;
				ASSETCATALOG_COMPILER_INCLUDE_ALL_APPICON_ASSETS = YES;
				CODE_SIGN_ALLOW_ENTITLEMENTS_MODIFICATION = YES;
				CODE_SIGN_ENTITLEMENTS = WingDex/WingDex.entitlements;
				CODE_SIGN_IDENTITY = "iPhone Developer";
				CODE_SIGN_STYLE = Automatic;
				CURRENT_PROJECT_VERSION = 1;
				INFOPLIST_FILE = WingDex/Info.plist;
				INFOPLIST_KEY_LSApplicationCategoryType = "public.app-category.lifestyle";
				LD_RUNPATH_SEARCH_PATHS = (
					"$(inherited)",
					"@executable_path/Frameworks",
				);
				MARKETING_VERSION = 0.3.0;
				PRODUCT_BUNDLE_IDENTIFIER = app.wingdex;
				SDKROOT = iphoneos;
				SWIFT_STRICT_CONCURRENCY = complete;
				TARGETED_DEVICE_FAMILY = 1;
			};
			name = Release;
		};
/* End XCBuildConfiguration section */

/* Begin XCConfigurationList section */
		1B57DE26A2341D9230C8D22E /* Build configuration list for PBXProject "WingDex" */ = {
			isa = XCConfigurationList;
			buildConfigurations = (
				19A6F577678B3895C297C847 /* Debug */,
				2874153B193DFEF6FABAF423 /* Release */,
			);
			defaultConfigurationIsVisible = 0;
			defaultConfigurationName = Debug;
		};
		9F120F44C1BCF4A0D747BC74 /* Build configuration list for PBXNativeTarget "WingDex" */ = {
			isa = XCConfigurationList;
			buildConfigurations = (
				2393A245882253E89992ACAD /* Debug */,
				E117ABF5C00CB20BDCC976FA /* Release */,
			);
			defaultConfigurationIsVisible = 0;
			defaultConfigurationName = Debug;
		};
		CE13BD13F38F767E39343ACA /* Build configuration list for PBXNativeTarget "WingDexTests" */ = {
			isa = XCConfigurationList;
			buildConfigurations = (
				34A81CB85EDE5A4FA46327AB /* Debug */,
				41FF62ED64EF357A4CD545A8 /* Release */,
			);
			defaultConfigurationIsVisible = 0;
			defaultConfigurationName = Debug;
		};
/* End XCConfigurationList section */

/* Begin XCRemoteSwiftPackageReference section */
		05914FFD98F0F320B88F6693 /* XCRemoteSwiftPackageReference "swift-openapi-urlsession" */ = {
			isa = XCRemoteSwiftPackageReference;
			repositoryURL = "https://github.com/apple/swift-openapi-urlsession";
			requirement = {
				kind = upToNextMajorVersion;
				minimumVersion = 1.0.0;
			};
		};
		3CC5DFA95CB1275F46DE1DF6 /* XCRemoteSwiftPackageReference "swift-openapi-runtime" */ = {
			isa = XCRemoteSwiftPackageReference;
			repositoryURL = "https://github.com/apple/swift-openapi-runtime";
			requirement = {
				kind = upToNextMajorVersion;
				minimumVersion = 1.7.0;
			};
		};
		7CFAD3560E8EE594AE49564E /* XCRemoteSwiftPackageReference "KeychainAccess" */ = {
			isa = XCRemoteSwiftPackageReference;
			repositoryURL = "https://github.com/kishikawakatsumi/KeychainAccess";
			requirement = {
				kind = upToNextMajorVersion;
				minimumVersion = 4.2.2;
			};
		};
		AFCC814716B12AF407D02F28 /* XCRemoteSwiftPackageReference "swift-openapi-generator" */ = {
			isa = XCRemoteSwiftPackageReference;
			repositoryURL = "https://github.com/apple/swift-openapi-generator";
			requirement = {
				kind = upToNextMajorVersion;
				minimumVersion = 1.6.0;
			};
		};
/* End XCRemoteSwiftPackageReference section */

/* Begin XCSwiftPackageProductDependency section */
		54957EE9C072C5F2FCC08BD2 /* OpenAPIRuntime */ = {
			isa = XCSwiftPackageProductDependency;
			package = 3CC5DFA95CB1275F46DE1DF6 /* XCRemoteSwiftPackageReference "swift-openapi-runtime" */;
			productName = OpenAPIRuntime;
		};
		ADE7F85F2A587DBB70E7CF19 /* KeychainAccess */ = {
			isa = XCSwiftPackageProductDependency;
			package = 7CFAD3560E8EE594AE49564E /* XCRemoteSwiftPackageReference "KeychainAccess" */;
			productName = KeychainAccess;
		};
		B8A97988C95C91C186AFD127 /* OpenAPIURLSession */ = {
			isa = XCSwiftPackageProductDependency;
			package = 05914FFD98F0F320B88F6693 /* XCRemoteSwiftPackageReference "swift-openapi-urlsession" */;
			productName = OpenAPIURLSession;
		};
/* End XCSwiftPackageProductDependency section */
	};
	rootObject = A49675ED5ABFAF851A15DB1C /* Project object */;
}
